
Microsoft Visual Studio Solution File, Format Version 12.00
# Visual Studio Version 17
VisualStudioVersion = 17.0.32112.339
MinimumVisualStudioVersion = 10.0.40219.1
Project("{9A19103F-16F7-4668-BE54-9A1E7A4F7556}") = "StriderBackend.Api", "StriderBackend\StriderBackend.Api.csproj", "{45D98616-BDA0-45E7-94A7-2BDDE8B1B975}"
EndProject
Project("{2150E333-8FDC-42A3-9474-1A3956D46DE8}") = "BuildingBlocks", "BuildingBlocks", "{0139C0C7-8D48-4850-BA9A-5AA868642699}"
EndProject
Project("{2150E333-8FDC-42A3-9474-1A3956D46DE8}") = "Api", "Api", "{E0D7690F-0298-4DE7-98FF-D8412D20DA86}"
EndProject
Project("{9A19103F-16F7-4668-BE54-9A1E7A4F7556}") = "StriderBackend.Domain", "StriderBackend.Domain\StriderBackend.Domain.csproj", "{9374D8DE-C940-4E47-9333-2E811923C8C1}"
EndProject
Project("{2150E333-8FDC-42A3-9474-1A3956D46DE8}") = "Tests", "Tests", "{70866D3F-1EC7-43F8-BC46-F8E7F47B2FD6}"
EndProject
Project("{00D1A9C2-B5F0-4AF3-8072-F6C62B433612}") = "StriderBackend.Database", "StriderBackend.Database\StriderBackend.Database.sqlproj", "{7FC8F08E-2458-45E2-9385-432BCCE018A6}"
EndProject
Project("{9A19103F-16F7-4668-BE54-9A1E7A4F7556}") = "StriderBackend.InfraData", "StriderBackend.InfraData\StriderBackend.InfraData.csproj", "{3660671C-0278-4416-A54C-FDC53D262A7A}"
EndProject
Project("{2150E333-8FDC-42A3-9474-1A3956D46DE8}") = "Core", "Core", "{8FBF27F5-29C7-4C82-A632-6DA30A276468}"
EndProject
Project("{9A19103F-16F7-4668-BE54-9A1E7A4F7556}") = "Infra.Core", "Infra.Core\Infra.Core.csproj", "{1ED6745B-FF0D-47E6-A8A6-125166F90D7F}"
EndProject
Project("{9A19103F-16F7-4668-BE54-9A1E7A4F7556}") = "Domain.Core", "Domain.Core\Domain.Core.csproj", "{30C89417-CCBA-4AD2-BA0B-71EBCDB6868A}"
EndProject
Project("{2150E333-8FDC-42A3-9474-1A3956D46DE8}") = "Solution Items", "Solution Items", "{C1C7CE62-FD70-4143-BF60-DF6F8E6689F8}"
	ProjectSection(SolutionItems) = preProject
		.editorconfig = .editorconfig
	EndProjectSection
EndProject
Project("{9A19103F-16F7-4668-BE54-9A1E7A4F7556}") = "StriderBackend.Test", "StriderBackend.Test\StriderBackend.Test.csproj", "{C84119BB-A9F3-40F4-A52B-526777A64BB3}"
EndProject
Project("{FAE04EC0-301F-11D3-BF4B-00C04F79EFBC}") = "Api.Core", "Api.Core\Api.Core.csproj", "{16B385F0-3E1F-4BD3-9ACC-291840A62085}"
EndProject
Global
	GlobalSection(SolutionConfigurationPlatforms) = preSolution
		Debug|Any CPU = Debug|Any CPU
		Release|Any CPU = Release|Any CPU
	EndGlobalSection
	GlobalSection(ProjectConfigurationPlatforms) = postSolution
		{45D98616-BDA0-45E7-94A7-2BDDE8B1B975}.Debug|Any CPU.ActiveCfg = Debug|Any CPU
		{45D98616-BDA0-45E7-94A7-2BDDE8B1B975}.Debug|Any CPU.Build.0 = Debug|Any CPU
		{45D98616-BDA0-45E7-94A7-2BDDE8B1B975}.Release|Any CPU.ActiveCfg = Release|Any CPU
		{45D98616-BDA0-45E7-94A7-2BDDE8B1B975}.Release|Any CPU.Build.0 = Release|Any CPU
		{9374D8DE-C940-4E47-9333-2E811923C8C1}.Debug|Any CPU.ActiveCfg = Debug|Any CPU
		{9374D8DE-C940-4E47-9333-2E811923C8C1}.Debug|Any CPU.Build.0 = Debug|Any CPU
		{9374D8DE-C940-4E47-9333-2E811923C8C1}.Release|Any CPU.ActiveCfg = Release|Any CPU
		{9374D8DE-C940-4E47-9333-2E811923C8C1}.Release|Any CPU.Build.0 = Release|Any CPU
		{7FC8F08E-2458-45E2-9385-432BCCE018A6}.Debug|Any CPU.ActiveCfg = Debug|Any CPU
		{7FC8F08E-2458-45E2-9385-432BCCE018A6}.Debug|Any CPU.Build.0 = Debug|Any CPU
		{7FC8F08E-2458-45E2-9385-432BCCE018A6}.Debug|Any CPU.Deploy.0 = Debug|Any CPU
		{7FC8F08E-2458-45E2-9385-432BCCE018A6}.Release|Any CPU.ActiveCfg = Release|Any CPU
		{7FC8F08E-2458-45E2-9385-432BCCE018A6}.Release|Any CPU.Build.0 = Release|Any CPU
		{7FC8F08E-2458-45E2-9385-432BCCE018A6}.Release|Any CPU.Deploy.0 = Release|Any CPU
		{3660671C-0278-4416-A54C-FDC53D262A7A}.Debug|Any CPU.ActiveCfg = Debug|Any CPU
		{3660671C-0278-4416-A54C-FDC53D262A7A}.Debug|Any CPU.Build.0 = Debug|Any CPU
		{3660671C-0278-4416-A54C-FDC53D262A7A}.Release|Any CPU.ActiveCfg = Release|Any CPU
		{3660671C-0278-4416-A54C-FDC53D262A7A}.Release|Any CPU.Build.0 = Release|Any CPU
		{1ED6745B-FF0D-47E6-A8A6-125166F90D7F}.Debug|Any CPU.ActiveCfg = Debug|Any CPU
		{1ED6745B-FF0D-47E6-A8A6-125166F90D7F}.Debug|Any CPU.Build.0 = Debug|Any CPU
		{1ED6745B-FF0D-47E6-A8A6-125166F90D7F}.Release|Any CPU.ActiveCfg = Release|Any CPU
		{1ED6745B-FF0D-47E6-A8A6-125166F90D7F}.Release|Any CPU.Build.0 = Release|Any CPU
		{30C89417-CCBA-4AD2-BA0B-71EBCDB6868A}.Debug|Any CPU.ActiveCfg = Debug|Any CPU
		{30C89417-CCBA-4AD2-BA0B-71EBCDB6868A}.Debug|Any CPU.Build.0 = Debug|Any CPU
		{30C89417-CCBA-4AD2-BA0B-71EBCDB6868A}.Release|Any CPU.ActiveCfg = Release|Any CPU
		{30C89417-CCBA-4AD2-BA0B-71EBCDB6868A}.Release|Any CPU.Build.0 = Release|Any CPU
		{C84119BB-A9F3-40F4-A52B-526777A64BB3}.Debug|Any CPU.ActiveCfg = Debug|Any CPU
		{C84119BB-A9F3-40F4-A52B-526777A64BB3}.Debug|Any CPU.Build.0 = Debug|Any CPU
		{C84119BB-A9F3-40F4-A52B-526777A64BB3}.Release|Any CPU.ActiveCfg = Release|Any CPU
		{C84119BB-A9F3-40F4-A52B-526777A64BB3}.Release|Any CPU.Build.0 = Release|Any CPU
		{16B385F0-3E1F-4BD3-9ACC-291840A62085}.Debug|Any CPU.ActiveCfg = Debug|Any CPU
		{16B385F0-3E1F-4BD3-9ACC-291840A62085}.Debug|Any CPU.Build.0 = Debug|Any CPU
		{16B385F0-3E1F-4BD3-9ACC-291840A62085}.Release|Any CPU.ActiveCfg = Release|Any CPU
		{16B385F0-3E1F-4BD3-9ACC-291840A62085}.Release|Any CPU.Build.0 = Release|Any CPU
	EndGlobalSection
	GlobalSection(SolutionProperties) = preSolution
		HideSolutionNode = FALSE
	EndGlobalSection
	GlobalSection(NestedProjects) = preSolution
		{E0D7690F-0298-4DE7-98FF-D8412D20DA86} = {0139C0C7-8D48-4850-BA9A-5AA868642699}
		{8FBF27F5-29C7-4C82-A632-6DA30A276468} = {0139C0C7-8D48-4850-BA9A-5AA868642699}
		{1ED6745B-FF0D-47E6-A8A6-125166F90D7F} = {8FBF27F5-29C7-4C82-A632-6DA30A276468}
		{30C89417-CCBA-4AD2-BA0B-71EBCDB6868A} = {8FBF27F5-29C7-4C82-A632-6DA30A276468}
		{C84119BB-A9F3-40F4-A52B-526777A64BB3} = {70866D3F-1EC7-43F8-BC46-F8E7F47B2FD6}
		{16B385F0-3E1F-4BD3-9ACC-291840A62085} = {E0D7690F-0298-4DE7-98FF-D8412D20DA86}
	EndGlobalSection
	GlobalSection(ExtensibilityGlobals) = postSolution
		SolutionGuid = {FBF3AB72-BD53-4A73-9019-808F71482CB8}
	EndGlobalSection
EndGlobal
